// !$*UTF8*$!
{
	archiveVersion = 1;
	classes = {
	};
	objectVersion = 56;
	objects = {

/* Begin PBXBuildFile section */
		AE9312CB2C7083F1000EE1A9 /* AnimationRiveLoginApp.swift in Sources */ = {isa = PBXBuildFile; fileRef = AE9312CA2C7083F1000EE1A9 /* AnimationRiveLoginApp.swift */; };
		AE9312CD2C7083F1000EE1A9 /* ContentView.swift in Sources */ = {isa = PBXBuildFile; fileRef = AE9312CC2C7083F1000EE1A9 /* ContentView.swift */; };
		AE9312CF2C7083F6000EE1A9 /* Assets.xcassets in Resources */ = {isa = PBXBuildFile; fileRef = AE9312CE2C7083F6000EE1A9 /* Assets.xcassets */; };
		AE9312D22C7083F6000EE1A9 /* Preview Assets.xcassets in Resources */ = {isa = PBXBuildFile; fileRef = AE9312D12C7083F6000EE1A9 /* Preview Assets.xcassets */; };
		AE9312DA2C708478000EE1A9 /* RiveRuntime in Frameworks */ = {isa = PBXBuildFile; productRef = AE9312D92C708478000EE1A9 /* RiveRuntime */; };
		AE9312DD2C7084CC000EE1A9 /* teddy_login_screen.riv in Resources */ = {isa = PBXBuildFile; fileRef = AE9312DC2C7084CC000EE1A9 /* teddy_login_screen.riv */; };
		AEE4A77C2C70DFE5001E2651 /* ToastView.swift in Sources */ = {isa = PBXBuildFile; fileRef = AEE4A77B2C70DFE5001E2651 /* ToastView.swift */; };
		AEE4A7832C70E861001E2651 /* password.png in Resources */ = {isa = PBXBuildFile; fileRef = AEE4A77E2C70E861001E2651 /* password.png */; };
		AEE4A7842C70E861001E2651 /* empty.png in Resources */ = {isa = PBXBuildFile; fileRef = AEE4A77F2C70E861001E2651 /* empty.png */; };
		AEE4A7852C70E861001E2651 /* error.png in Resources */ = {isa = PBXBuildFile; fileRef = AEE4A7802C70E861001E2651 /* error.png */; };
		AEE4A7872C70E861001E2651 /* success.png in Resources */ = {isa = PBXBuildFile; fileRef = AEE4A7822C70E861001E2651 /* success.png */; };
/* End PBXBuildFile section */

/* Begin PBXFileReference section */
		AE9312C72C7083F1000EE1A9 /* AnimationRiveLogin.app */ = {isa = PBXFileReference; explicitFileType = wrapper.application; includeInIndex = 0; path = AnimationRiveLogin.app; sourceTree = BUILT_PRODUCTS_DIR; };
		AE9312CA2C7083F1000EE1A9 /* AnimationRiveLoginApp.swift */ = {isa = PBXFileReference; lastKnownFileType = sourcecode.swift; path = AnimationRiveLoginApp.swift; sourceTree = "<group>"; };
		AE9312CC2C7083F1000EE1A9 /* ContentView.swift */ = {isa = PBXFileReference; lastKnownFileType = sourcecode.swift; path = ContentView.swift; sourceTree = "<group>"; };
		AE9312CE2C7083F6000EE1A9 /* Assets.xcassets */ = {isa = PBXFileReference; lastKnownFileType = folder.assetcatalog; path = Assets.xcassets; sourceTree = "<group>"; };
		AE9312D12C7083F6000EE1A9 /* Preview Assets.xcassets */ = {isa = PBXFileReference; lastKnownFileType = folder.assetcatalog; path = "Preview Assets.xcassets"; sourceTree = "<group>"; };
		AE9312DC2C7084CC000EE1A9 /* teddy_login_screen.riv */ = {isa = PBXFileReference; lastKnownFileType = file; name = teddy_login_screen.riv; path = ../../../../Downloads/teddy_login_screen.riv; sourceTree = "<group>"; };
		AEE4A77B2C70DFE5001E2651 /* ToastView.swift */ = {isa = PBXFileReference; lastKnownFileType = sourcecode.swift; path = ToastView.swift; sourceTree = "<group>"; };
		AEE4A77E2C70E861001E2651 /* password.png */ = {isa = PBXFileReference; lastKnownFileType = image.png; name = password.png; path = ../../../../Desktop/password.png; sourceTree = "<group>"; };
		AEE4A77F2C70E861001E2651 /* empty.png */ = {isa = PBXFileReference; lastKnownFileType = image.png; name = empty.png; path = ../../../../Desktop/empty.png; sourceTree = "<group>"; };
		AEE4A7802C70E861001E2651 /* error.png */ = {isa = PBXFileReference; lastKnownFileType = image.png; name = error.png; path = ../../../../Desktop/error.png; sourceTree = "<group>"; };
		AEE4A7822C70E861001E2651 /* success.png */ = {isa = PBXFileReference; lastKnownFileType = image.png; name = success.png; path = ../../../../Desktop/success.png; sourceTree = "<group>"; };
/* End PBXFileReference section */

/* Begin PBXFrameworksBuildPhase section */
		AE9312C42C7083F1000EE1A9 /* Frameworks */ = {
			isa = PBXFrameworksBuildPhase;
			buildActionMask = 2147483647;
			files = (
				AE9312DA2C708478000EE1A9 /* RiveRuntime in Frameworks */,
			);
			runOnlyForDeploymentPostprocessing = 0;
		};
/* End PBXFrameworksBuildPhase section */

/* Begin PBXGroup section */
		AE9312BE2C7083F1000EE1A9 = {
			isa = PBXGroup;
			children = (
				AE9312C92C7083F1000EE1A9 /* AnimationRiveLogin */,
				AE9312C82C7083F1000EE1A9 /* Products */,
			);
			sourceTree = "<group>";
		};
		AE9312C82C7083F1000EE1A9 /* Products */ = {
			isa = PBXGroup;
			children = (
				AE9312C72C7083F1000EE1A9 /* AnimationRiveLogin.app */,
			);
			name = Products;
			sourceTree = "<group>";
		};
		AE9312C92C7083F1000EE1A9 /* AnimationRiveLogin */ = {
			isa = PBXGroup;
			children = (
				AEE4A77D2C70E835001E2651 /* Screens */,
				AE9312DB2C7084AA000EE1A9 /* Assets */,
				AE9312CA2C7083F1000EE1A9 /* AnimationRiveLoginApp.swift */,
				AE9312CC2C7083F1000EE1A9 /* ContentView.swift */,
				AE9312CE2C7083F6000EE1A9 /* Assets.xcassets */,
				AE9312D02C7083F6000EE1A9 /* Preview Content */,
			);
			path = AnimationRiveLogin;
			sourceTree = "<group>";
		};
		AE9312D02C7083F6000EE1A9 /* Preview Content */ = {
			isa = PBXGroup;
			children = (
				AE9312D12C7083F6000EE1A9 /* Preview Assets.xcassets */,
			);
			path = "Preview Content";
			sourceTree = "<group>";
		};
		AE9312DB2C7084AA000EE1A9 /* Assets */ = {
			isa = PBXGroup;
			children = (
				AE9312DC2C7084CC000EE1A9 /* teddy_login_screen.riv */,
				AEE4A77B2C70DFE5001E2651 /* ToastView.swift */,
			);
			path = Assets;
			sourceTree = "<group>";
		};
		AEE4A77D2C70E835001E2651 /* Screens */ = {
			isa = PBXGroup;
			children = (
				AEE4A77F2C70E861001E2651 /* empty.png */,
				AEE4A7822C70E861001E2651 /* success.png */,
				AEE4A7802C70E861001E2651 /* error.png */,
				AEE4A77E2C70E861001E2651 /* password.png */,
			);
			path = Screens;
			sourceTree = "<group>";
		};
/* End PBXGroup section */

/* Begin PBXNativeTarget section */
		AE9312C62C7083F1000EE1A9 /* AnimationRiveLogin */ = {
			isa = PBXNativeTarget;
			buildConfigurationList = AE9312D52C7083F6000EE1A9 /* Build configuration list for PBXNativeTarget "AnimationRiveLogin" */;
			buildPhases = (
				AE9312C32C7083F1000EE1A9 /* Sources */,
				AE9312C42C7083F1000EE1A9 /* Frameworks */,
				AE9312C52C7083F1000EE1A9 /* Resources */,
			);
			buildRules = (
			);
			dependencies = (
			);
			name = AnimationRiveLogin;
			packageProductDependencies = (
				AE9312D92C708478000EE1A9 /* RiveRuntime */,
			);
			productName = AnimationRiveLogin;
			productReference = AE9312C72C7083F1000EE1A9 /* AnimationRiveLogin.app */;
			productType = "com.apple.product-type.application";
		};
/* End PBXNativeTarget section */

/* Begin PBXProject section */
		AE9312BF2C7083F1000EE1A9 /* Project object */ = {
			isa = PBXProject;
			attributes = {
				BuildIndependentTargetsInParallel = 1;
				LastSwiftUpdateCheck = 1540;
				LastUpgradeCheck = 1540;
				TargetAttributes = {
					AE9312C62C7083F1000EE1A9 = {
						CreatedOnToolsVersion = 15.4;
					};
				};
			};
			buildConfigurationList = AE9312C22C7083F1000EE1A9 /* Build configuration list for PBXProject "AnimationRiveLogin" */;
			compatibilityVersion = "Xcode 14.0";
			developmentRegion = en;
			hasScannedForEncodings = 0;
			knownRegions = (
				en,
				Base,
			);
			mainGroup = AE9312BE2C7083F1000EE1A9;
			packageReferences = (
				AE9312D82C708478000EE1A9 /* XCRemoteSwiftPackageReference "rive-ios" */,
			);
			productRefGroup = AE9312C82C7083F1000EE1A9 /* Products */;
			projectDirPath = "";
			projectRoot = "";
			targets = (
				AE9312C62C7083F1000EE1A9 /* AnimationRiveLogin */,
			);
		};
/* End PBXProject section */

/* Begin PBXResourcesBuildPhase section */
		AE9312C52C7083F1000EE1A9 /* Resources */ = {
			isa = PBXResourcesBuildPhase;
			buildActionMask = 2147483647;
			files = (
				AEE4A7852C70E861001E2651 /* error.png in Resources */,
				AE9312D22C7083F6000EE1A9 /* Preview Assets.xcassets in Resources */,
				AEE4A7872C70E861001E2651 /* success.png in Resources */,
				AEE4A7832C70E861001E2651 /* password.png in Resources */,
				AEE4A7842C70E861001E2651 /* empty.png in Resources */,
				AE9312DD2C7084CC000EE1A9 /* teddy_login_screen.riv in Resources */,
				AE9312CF2C7083F6000EE1A9 /* Assets.xcassets in Resources */,
			);
			runOnlyForDeploymentPostprocessing = 0;
		};
/* End PBXResourcesBuildPhase section */

/* Begin PBXSourcesBuildPhase section */
		AE9312C32C7083F1000EE1A9 /* Sources */ = {
			isa = PBXSourcesBuildPhase;
			buildActionMask = 2147483647;
			files = (
				AE9312CD2C7083F1000EE1A9 /* ContentView.swift in Sources */,
				AEE4A77C2C70DFE5001E2651 /* ToastView.swift in Sources */,
				AE9312CB2C7083F1000EE1A9 /* AnimationRiveLoginApp.swift in Sources */,
			);
			runOnlyForDeploymentPostprocessing = 0;
		};
/* End PBXSourcesBuildPhase section */

/* Begin XCBuildConfiguration section */
		AE9312D32C7083F6000EE1A9 /* Debug */ = {
			isa = XCBuildConfiguration;
			buildSettings = {
				ALWAYS_SEARCH_USER_PATHS = NO;
				ASSETCATALOG_COMPILER_GENERATE_SWIFT_ASSET_SYMBOL_EXTENSIONS = YES;
				CLANG_ANALYZER_NONNULL = YES;
				CLANG_ANALYZER_NUMBER_OBJECT_CONVERSION = YES_AGGRESSIVE;
				CLANG_CXX_LANGUAGE_STANDARD = "gnu++20";
				CLANG_ENABLE_MODULES = YES;
				CLANG_ENABLE_OBJC_ARC = YES;
				CLANG_ENABLE_OBJC_WEAK = YES;
				CLANG_WARN_BLOCK_CAPTURE_AUTORELEASING = YES;
				CLANG_WARN_BOOL_CONVERSION = YES;
				CLANG_WARN_COMMA = YES;
				CLANG_WARN_CONSTANT_CONVERSION = YES;
				CLANG_WARN_DEPRECATED_OBJC_IMPLEMENTATIONS = YES;
				CLANG_WARN_DIRECT_OBJC_ISA_USAGE = YES_ERROR;
				CLANG_WARN_DOCUMENTATION_COMMENTS = YES;
				CLANG_WARN_EMPTY_BODY = YES;
				CLANG_WARN_ENUM_CONVERSION = YES;
				CLANG_WARN_INFINITE_RECURSION = YES;
				CLANG_WARN_INT_CONVERSION = YES;
				CLANG_WARN_NON_LITERAL_NULL_CONVERSION = YES;
				CLANG_WARN_OBJC_IMPLICIT_RETAIN_SELF = YES;
				CLANG_WARN_OBJC_LITERAL_CONVERSION = YES;
				CLANG_WARN_OBJC_ROOT_CLASS = YES_ERROR;
				CLANG_WARN_QUOTED_INCLUDE_IN_FRAMEWORK_HEADER = YES;
				CLANG_WARN_RANGE_LOOP_ANALYSIS = YES;
				CLANG_WARN_STRICT_PROTOTYPES = YES;
				CLANG_WARN_SUSPICIOUS_MOVE = YES;
				CLANG_WARN_UNGUARDED_AVAILABILITY = YES_AGGRESSIVE;
				CLANG_WARN_UNREACHABLE_CODE = YES;
				CLANG_WARN__DUPLICATE_METHOD_MATCH = YES;
				COPY_PHASE_STRIP = NO;
				DEBUG_INFORMATION_FORMAT = dwarf;
				ENABLE_STRICT_OBJC_MSGSEND = YES;
				ENABLE_TESTABILITY = YES;
				ENABLE_USER_SCRIPT_SANDBOXING = YES;
				GCC_C_LANGUAGE_STANDARD = gnu17;
				GCC_DYNAMIC_NO_PIC = NO;
				GCC_NO_COMMON_BLOCKS = YES;
				GCC_OPTIMIZATION_LEVEL = 0;
				GCC_PREPROCESSOR_DEFINITIONS = (
					"DEBUG=1",
					"$(inherited)",
				);
				GCC_WARN_64_TO_32_BIT_CONVERSION = YES;
				GCC_WARN_ABOUT_RETURN_TYPE = YES_ERROR;
				GCC_WARN_UNDECLARED_SELECTOR = YES;
				GCC_WARN_UNINITIALIZED_AUTOS = YES_AGGRESSIVE;
				GCC_WARN_UNUSED_FUNCTION = YES;
				GCC_WARN_UNUSED_VARIABLE = YES;
				IPHONEOS_DEPLOYMENT_TARGET = 17.5;
				LOCALIZATION_PREFERS_STRING_CATALOGS = YES;
				MTL_ENABLE_DEBUG_INFO = INCLUDE_SOURCE;
				MTL_FAST_MATH = YES;
				ONLY_ACTIVE_ARCH = YES;
				SDKROOT = iphoneos;
				SWIFT_ACTIVE_COMPILATION_CONDITIONS = "DEBUG $(inherited)";
				SWIFT_OPTIMIZATION_LEVEL = "-Onone";
			};
			name = Debug;
		};
		AE9312D42C7083F6000EE1A9 /* Release */ = {
			isa = XCBuildConfiguration;
			buildSettings = {
				ALWAYS_SEARCH_USER_PATHS = NO;
				ASSETCATALOG_COMPILER_GENERATE_SWIFT_ASSET_SYMBOL_EXTENSIONS = YES;
				CLANG_ANALYZER_NONNULL = YES;
				CLANG_ANALYZER_NUMBER_OBJECT_CONVERSION = YES_AGGRESSIVE;
				CLANG_CXX_LANGUAGE_STANDARD = "gnu++20";
				CLANG_ENABLE_MODULES = YES;
				CLANG_ENABLE_OBJC_ARC = YES;
				CLANG_ENABLE_OBJC_WEAK = YES;
				CLANG_WARN_BLOCK_CAPTURE_AUTORELEASING = YES;
				CLANG_WARN_BOOL_CONVERSION = YES;
				CLANG_WARN_COMMA = YES;
				CLANG_WARN_CONSTANT_CONVERSION = YES;
				CLANG_WARN_DEPRECATED_OBJC_IMPLEMENTATIONS = YES;
				CLANG_WARN_DIRECT_OBJC_ISA_USAGE = YES_ERROR;
				CLANG_WARN_DOCUMENTATION_COMMENTS = YES;
				CLANG_WARN_EMPTY_BODY = YES;
				CLANG_WARN_ENUM_CONVERSION = YES;
				CLANG_WARN_INFINITE_RECURSION = YES;
				CLANG_WARN_INT_CONVERSION = YES;
				CLANG_WARN_NON_LITERAL_NULL_CONVERSION = YES;
				CLANG_WARN_OBJC_IMPLICIT_RETAIN_SELF = YES;
				CLANG_WARN_OBJC_LITERAL_CONVERSION = YES;
				CLANG_WARN_OBJC_ROOT_CLASS = YES_ERROR;
				CLANG_WARN_QUOTED_INCLUDE_IN_FRAMEWORK_HEADER = YES;
				CLANG_WARN_RANGE_LOOP_ANALYSIS = YES;
				CLANG_WARN_STRICT_PROTOTYPES = YES;
				CLANG_WARN_SUSPICIOUS_MOVE = YES;
				CLANG_WARN_UNGUARDED_AVAILABILITY = YES_AGGRESSIVE;
				CLANG_WARN_UNREACHABLE_CODE = YES;
				CLANG_WARN__DUPLICATE_METHOD_MATCH = YES;
				COPY_PHASE_STRIP = NO;
				DEBUG_INFORMATION_FORMAT = "dwarf-with-dsym";
				ENABLE_NS_ASSERTIONS = NO;
				ENABLE_STRICT_OBJC_MSGSEND = YES;
				ENABLE_USER_SCRIPT_SANDBOXING = YES;
				GCC_C_LANGUAGE_STANDARD = gnu17;
				GCC_NO_COMMON_BLOCKS = YES;
				GCC_WARN_64_TO_32_BIT_CONVERSION = YES;
				GCC_WARN_ABOUT_RETURN_TYPE = YES_ERROR;
				GCC_WARN_UNDECLARED_SELECTOR = YES;
				GCC_WARN_UNINITIALIZED_AUTOS = YES_AGGRESSIVE;
				GCC_WARN_UNUSED_FUNCTION = YES;
				GCC_WARN_UNUSED_VARIABLE = YES;
				IPHONEOS_DEPLOYMENT_TARGET = 17.5;
				LOCALIZATION_PREFERS_STRING_CATALOGS = YES;
				MTL_ENABLE_DEBUG_INFO = NO;
				MTL_FAST_MATH = YES;
				SDKROOT = iphoneos;
				SWIFT_COMPILATION_MODE = wholemodule;
				VALIDATE_PRODUCT = YES;
			};
			name = Release;
		};
		AE9312D62C7083F6000EE1A9 /* Debug */ = {
			isa = XCBuildConfiguration;
			buildSettings = {
				ASSETCATALOG_COMPILER_APPICON_NAME = AppIcon;
				ASSETCATALOG_COMPILER_GLOBAL_ACCENT_COLOR_NAME = AccentColor;
				CODE_SIGN_STYLE = Automatic;
				CURRENT_PROJECT_VERSION = 1;
				DEVELOPMENT_ASSET_PATHS = "\"AnimationRiveLogin/Preview Content\"";
				DEVELOPMENT_TEAM = HUS2SUYG6U;
				ENABLE_PREVIEWS = YES;
				GENERATE_INFOPLIST_FILE = YES;
				INFOPLIST_KEY_UIApplicationSceneManifest_Generation = YES;
				INFOPLIST_KEY_UIApplicationSupportsIndirectInputEvents = YES;
				INFOPLIST_KEY_UILaunchScreen_Generation = YES;
				INFOPLIST_KEY_UISupportedInterfaceOrientations_iPad = "UIInterfaceOrientationPortrait UIInterfaceOrientationPortraitUpsideDown UIInterfaceOrientationLandscapeLeft UIInterfaceOrientationLandscapeRight";
				INFOPLIST_KEY_UISupportedInterfaceOrientations_iPhone = "UIInterfaceOrientationPortrait UIInterfaceOrientationLandscapeLeft UIInterfaceOrientationLandscapeRight";
				LD_RUNPATH_SEARCH_PATHS = (
					"$(inherited)",
					"@executable_path/Frameworks",
				);
				MARKETING_VERSION = 1.0;
				PRODUCT_BUNDLE_IDENTIFIER = com.muhammed.AnimationRiveLogin;
				PRODUCT_NAME = "$(TARGET_NAME)";
				SWIFT_EMIT_LOC_STRINGS = YES;
				SWIFT_VERSION = 5.0;
				TARGETED_DEVICE_FAMILY = "1,2";
			};
			name = Debug;
		};
		AE9312D72C7083F6000EE1A9 /* Release */ = {
			isa = XCBuildConfiguration;
			buildSettings = {
				ASSETCATALOG_COMPILER_APPICON_NAME = AppIcon;
				ASSETCATALOG_COMPILER_GLOBAL_ACCENT_COLOR_NAME = AccentColor;
				CODE_SIGN_STYLE = Automatic;
				CURRENT_PROJECT_VERSION = 1;
				DEVELOPMENT_ASSET_PATHS = "\"AnimationRiveLogin/Preview Content\"";
				DEVELOPMENT_TEAM = HUS2SUYG6U;
				ENABLE_PREVIEWS = YES;
				GENERATE_INFOPLIST_FILE = YES;
				INFOPLIST_KEY_UIApplicationSceneManifest_Generation = YES;
				INFOPLIST_KEY_UIApplicationSupportsIndirectInputEvents = YES;
				INFOPLIST_KEY_UILaunchScreen_Generation = YES;
				INFOPLIST_KEY_UISupportedInterfaceOrientations_iPad = "UIInterfaceOrientationPortrait UIInterfaceOrientationPortraitUpsideDown UIInterfaceOrientationLandscapeLeft UIInterfaceOrientationLandscapeRight";
				INFOPLIST_KEY_UISupportedInterfaceOrientations_iPhone = "UIInterfaceOrientationPortrait UIInterfaceOrientationLandscapeLeft UIInterfaceOrientationLandscapeRight";
				LD_RUNPATH_SEARCH_PATHS = (
					"$(inherited)",
					"@executable_path/Frameworks",
				);
				MARKETING_VERSION = 1.0;
				PRODUCT_BUNDLE_IDENTIFIER = com.muhammed.AnimationRiveLogin;
				PRODUCT_NAME = "$(TARGET_NAME)";
				SWIFT_EMIT_LOC_STRINGS = YES;
				SWIFT_VERSION = 5.0;
				TARGETED_DEVICE_FAMILY = "1,2";
			};
			name = Release;
		};
/* End XCBuildConfiguration section */

/* Begin XCConfigurationList section */
		AE9312C22C7083F1000EE1A9 /* Build configuration list for PBXProject "AnimationRiveLogin" */ = {
			isa = XCConfigurationList;
			buildConfigurations = (
				AE9312D32C7083F6000EE1A9 /* Debug */,
				AE9312D42C7083F6000EE1A9 /* Release */,
			);
			defaultConfigurationIsVisible = 0;
			defaultConfigurationName = Release;
		};
		AE9312D52C7083F6000EE1A9 /* Build configuration list for PBXNativeTarget "AnimationRiveLogin" */ = {
			isa = XCConfigurationList;
			buildConfigurations = (
				AE9312D62C7083F6000EE1A9 /* Debug */,
				AE9312D72C7083F6000EE1A9 /* Release */,
			);
			defaultConfigurationIsVisible = 0;
			defaultConfigurationName = Release;
		};
/* End XCConfigurationList section */

/* Begin XCRemoteSwiftPackageReference section */
		AE9312D82C708478000EE1A9 /* XCRemoteSwiftPackageReference "rive-ios" */ = {
			isa = XCRemoteSwiftPackageReference;
			repositoryURL = "https://github.com/rive-app/rive-ios.git";
			requirement = {
				kind = upToNextMajorVersion;
				minimumVersion = 6.0.4;
			};
		};
/* End XCRemoteSwiftPackageReference section */

/* Begin XCSwiftPackageProductDependency section */
		AE9312D92C708478000EE1A9 /* RiveRuntime */ = {
			isa = XCSwiftPackageProductDependency;
			package = AE9312D82C708478000EE1A9 /* XCRemoteSwiftPackageReference "rive-ios" */;
			productName = RiveRuntime;
		};
/* End XCSwiftPackageProductDependency section */
	};
	rootObject = AE9312BF2C7083F1000EE1A9 /* Project object */;
}
